
Microsoft Visual Studio Solution File, Format Version 12.00
# Visual Studio Version 17
VisualStudioVersion = 17.4.33110.190
MinimumVisualStudioVersion = 10.0.40219.1
Project("{FAE04EC0-301F-11D3-BF4B-00C04F79EFBC}") = "WebRepeatedNumbersSieve", "WebRepeatedNumbersSieve\WebRepeatedNumbersSieve.csproj", "{239CD930-E97F-4116-9FC2-F9D373066190}"
EndProject
Project("{FAE04EC0-301F-11D3-BF4B-00C04F79EFBC}") = "WebRepeatedNumbersSieve.Tests", "WebRepeatedNumbersSieve.Tests\WebRepeatedNumbersSieve.Tests.csproj", "{D7599A5E-00CA-4D56-B112-7D7EFCB36D48}"
EndProject
Global
	GlobalSection(SolutionConfigurationPlatforms) = preSolution
		Debug|Any CPU = Debug|Any CPU
		Release|Any CPU = Release|Any CPU
	EndGlobalSection
	GlobalSection(ProjectConfigurationPlatforms) = postSolution
		{239CD930-E97F-4116-9FC2-F9D373066190}.Debug|Any CPU.ActiveCfg = Debug|Any CPU
		{239CD930-E97F-4116-9FC2-F9D373066190}.Debug|Any CPU.Build.0 = Debug|Any CPU
		{239CD930-E97F-4116-9FC2-F9D373066190}.Release|Any CPU.ActiveCfg = Release|Any CPU
		{239CD930-E97F-4116-9FC2-F9D373066190}.Release|Any CPU.Build.0 = Release|Any CPU
		{D7599A5E-00CA-4D56-B112-7D7EFCB36D48}.Debug|Any CPU.ActiveCfg = Debug|Any CPU
		{D7599A5E-00CA-4D56-B112-7D7EFCB36D48}.Debug|Any CPU.Build.0 = Debug|Any CPU
		{D7599A5E-00CA-4D56-B112-7D7EFCB36D48}.Release|Any CPU.ActiveCfg = Release|Any CPU
		{D7599A5E-00CA-4D56-B112-7D7EFCB36D48}.Release|Any CPU.Build.0 = Release|Any CPU
	EndGlobalSection
	GlobalSection(SolutionProperties) = preSolution
		HideSolutionNode = FALSE
	EndGlobalSection
	GlobalSection(ExtensibilityGlobals) = postSolution
		SolutionGuid = {E722372A-08ED-4A96-9EC3-2C366B9CBA5D}
	EndGlobalSection
EndGlobal
